
Microsoft Visual Studio Solution File, Format Version 12.00
# Visual Studio Version 16
VisualStudioVersion = 16.0.30517.126
MinimumVisualStudioVersion = 10.0.40219.1
Project("{9A19103F-16F7-4668-BE54-9A1E7A4F7556}") = "XMLSignVerify", "XMLSignVerify\XMLSignVerify.csproj", "{AF5266C6-163E-450D-88F1-93CE73B5B0FE}"
EndProject
Project("{FAE04EC0-301F-11D3-BF4B-00C04F79EFBC}") = "XMLSignVerifyTest", "XMLSignVerifyTest\XMLSignVerifyTest.csproj", "{6946AD3D-0E79-47FC-9AB9-EFF15454F544}"
	ProjectSection(ProjectDependencies) = postProject
		{AF5266C6-163E-450D-88F1-93CE73B5B0FE} = {AF5266C6-163E-450D-88F1-93CE73B5B0FE}
	EndProjectSection
EndProject
Global
	GlobalSection(SolutionConfigurationPlatforms) = preSolution
		Debug|Any CPU = Debug|Any CPU
		Release|Any CPU = Release|Any CPU
	EndGlobalSection
	GlobalSection(ProjectConfigurationPlatforms) = postSolution
		{AF5266C6-163E-450D-88F1-93CE73B5B0FE}.Debug|Any CPU.ActiveCfg = Debug|Any CPU
		{AF5266C6-163E-450D-88F1-93CE73B5B0FE}.Debug|Any CPU.Build.0 = Debug|Any CPU
		{AF5266C6-163E-450D-88F1-93CE73B5B0FE}.Release|Any CPU.ActiveCfg = Release|Any CPU
		{AF5266C6-163E-450D-88F1-93CE73B5B0FE}.Release|Any CPU.Build.0 = Release|Any CPU
		{6946AD3D-0E79-47FC-9AB9-EFF15454F544}.Debug|Any CPU.ActiveCfg = Debug|Any CPU
		{6946AD3D-0E79-47FC-9AB9-EFF15454F544}.Debug|Any CPU.Build.0 = Debug|Any CPU
		{6946AD3D-0E79-47FC-9AB9-EFF15454F544}.Release|Any CPU.ActiveCfg = Release|Any CPU
		{6946AD3D-0E79-47FC-9AB9-EFF15454F544}.Release|Any CPU.Build.0 = Release|Any CPU
	EndGlobalSection
	GlobalSection(SolutionProperties) = preSolution
		HideSolutionNode = FALSE
	EndGlobalSection
	GlobalSection(ExtensibilityGlobals) = postSolution
		SolutionGuid = {AC7BE7DE-EA1C-4F16-BC62-C4EF4D3F9761}
	EndGlobalSection
EndGlobal
